
Microsoft Visual Studio Solution File, Format Version 12.00
# Visual Studio Version 17
VisualStudioVersion = 17.7.34202.233
MinimumVisualStudioVersion = 10.0.40219.1
Project("{9A19103F-16F7-4668-BE54-9A1E7A4F7556}") = "DataAccess", "DataAccess\DataAccess.csproj", "{37900E82-6B0B-4948-A131-9C80A6A2F8A8}"
EndProject
Project("{9A19103F-16F7-4668-BE54-9A1E7A4F7556}") = "Business", "Business\Business.csproj", "{596F646B-4038-4177-BCD8-F1FB25279B49}"
EndProject
Project("{9A19103F-16F7-4668-BE54-9A1E7A4F7556}") = "Entities", "Entities\Entities.csproj", "{07FF9745-6384-46E3-B727-504EBABEB9BC}"
EndProject
Project("{FAE04EC0-301F-11D3-BF4B-00C04F79EFBC}") = "ConsoleUI", "ConsoleUI\ConsoleUI.csproj", "{B71D8BC1-ED9D-4CEF-9488-7FD2E67D6159}"
EndProject
Global
	GlobalSection(SolutionConfigurationPlatforms) = preSolution
		Debug|Any CPU = Debug|Any CPU
		Release|Any CPU = Release|Any CPU
	EndGlobalSection
	GlobalSection(ProjectConfigurationPlatforms) = postSolution
		{37900E82-6B0B-4948-A131-9C80A6A2F8A8}.Debug|Any CPU.ActiveCfg = Debug|Any CPU
		{37900E82-6B0B-4948-A131-9C80A6A2F8A8}.Debug|Any CPU.Build.0 = Debug|Any CPU
		{37900E82-6B0B-4948-A131-9C80A6A2F8A8}.Release|Any CPU.ActiveCfg = Release|Any CPU
		{37900E82-6B0B-4948-A131-9C80A6A2F8A8}.Release|Any CPU.Build.0 = Release|Any CPU
		{596F646B-4038-4177-BCD8-F1FB25279B49}.Debug|Any CPU.ActiveCfg = Debug|Any CPU
		{596F646B-4038-4177-BCD8-F1FB25279B49}.Debug|Any CPU.Build.0 = Debug|Any CPU
		{596F646B-4038-4177-BCD8-F1FB25279B49}.Release|Any CPU.ActiveCfg = Release|Any CPU
		{596F646B-4038-4177-BCD8-F1FB25279B49}.Release|Any CPU.Build.0 = Release|Any CPU
		{07FF9745-6384-46E3-B727-504EBABEB9BC}.Debug|Any CPU.ActiveCfg = Debug|Any CPU
		{07FF9745-6384-46E3-B727-504EBABEB9BC}.Debug|Any CPU.Build.0 = Debug|Any CPU
		{07FF9745-6384-46E3-B727-504EBABEB9BC}.Release|Any CPU.ActiveCfg = Release|Any CPU
		{07FF9745-6384-46E3-B727-504EBABEB9BC}.Release|Any CPU.Build.0 = Release|Any CPU
		{B71D8BC1-ED9D-4CEF-9488-7FD2E67D6159}.Debug|Any CPU.ActiveCfg = Debug|Any CPU
		{B71D8BC1-ED9D-4CEF-9488-7FD2E67D6159}.Debug|Any CPU.Build.0 = Debug|Any CPU
		{B71D8BC1-ED9D-4CEF-9488-7FD2E67D6159}.Release|Any CPU.ActiveCfg = Release|Any CPU
		{B71D8BC1-ED9D-4CEF-9488-7FD2E67D6159}.Release|Any CPU.Build.0 = Release|Any CPU
	EndGlobalSection
	GlobalSection(SolutionProperties) = preSolution
		HideSolutionNode = FALSE
	EndGlobalSection
	GlobalSection(ExtensibilityGlobals) = postSolution
		SolutionGuid = {306E6CAC-602D-4645-9EF1-5557A0825568}
	EndGlobalSection
EndGlobal
